// !$*UTF8*$!
{
	archiveVersion = 1;
	classes = {
	};
	objectVersion = 55;
	objects = {

/* Begin PBXBuildFile section */
		70DA1C9628729E28001DDE78 /* AppDelegate.swift in Sources */ = {isa = PBXBuildFile; fileRef = 70DA1C9528729E28001DDE78 /* AppDelegate.swift */; };
		70DA1C9828729E28001DDE78 /* SceneDelegate.swift in Sources */ = {isa = PBXBuildFile; fileRef = 70DA1C9728729E28001DDE78 /* SceneDelegate.swift */; };
		70DA1C9A28729E28001DDE78 /* ViewController.swift in Sources */ = {isa = PBXBuildFile; fileRef = 70DA1C9928729E28001DDE78 /* ViewController.swift */; };
		70DA1C9D28729E28001DDE78 /* Main.storyboard in Resources */ = {isa = PBXBuildFile; fileRef = 70DA1C9B28729E28001DDE78 /* Main.storyboard */; };
		70DA1C9F28729E2B001DDE78 /* Assets.xcassets in Resources */ = {isa = PBXBuildFile; fileRef = 70DA1C9E28729E2B001DDE78 /* Assets.xcassets */; };
		70DA1CA228729E2B001DDE78 /* LaunchScreen.storyboard in Resources */ = {isa = PBXBuildFile; fileRef = 70DA1CA028729E2B001DDE78 /* LaunchScreen.storyboard */; };
		70DA1CAD28729E2B001DDE78 /* MotorentTests.swift in Sources */ = {isa = PBXBuildFile; fileRef = 70DA1CAC28729E2B001DDE78 /* MotorentTests.swift */; };
		70DA1CB728729E2B001DDE78 /* MotorentUITests.swift in Sources */ = {isa = PBXBuildFile; fileRef = 70DA1CB628729E2B001DDE78 /* MotorentUITests.swift */; };
		70DA1CB928729E2B001DDE78 /* MotorentUITestsLaunchTests.swift in Sources */ = {isa = PBXBuildFile; fileRef = 70DA1CB828729E2B001DDE78 /* MotorentUITestsLaunchTests.swift */; };
/* End PBXBuildFile section */

/* Begin PBXContainerItemProxy section */
		70DA1CA928729E2B001DDE78 /* PBXContainerItemProxy */ = {
			isa = PBXContainerItemProxy;
			containerPortal = 70DA1C8A28729E28001DDE78 /* Project object */;
			proxyType = 1;
			remoteGlobalIDString = 70DA1C9128729E28001DDE78;
			remoteInfo = Motorent;
		};
		70DA1CB328729E2B001DDE78 /* PBXContainerItemProxy */ = {
			isa = PBXContainerItemProxy;
			containerPortal = 70DA1C8A28729E28001DDE78 /* Project object */;
			proxyType = 1;
			remoteGlobalIDString = 70DA1C9128729E28001DDE78;
			remoteInfo = Motorent;
		};
/* End PBXContainerItemProxy section */

/* Begin PBXFileReference section */
		70DA1C9228729E28001DDE78 /* Motorent.app */ = {isa = PBXFileReference; explicitFileType = wrapper.application; includeInIndex = 0; path = Motorent.app; sourceTree = BUILT_PRODUCTS_DIR; };
		70DA1C9528729E28001DDE78 /* AppDelegate.swift */ = {isa = PBXFileReference; lastKnownFileType = sourcecode.swift; path = AppDelegate.swift; sourceTree = "<group>"; };
		70DA1C9728729E28001DDE78 /* SceneDelegate.swift */ = {isa = PBXFileReference; lastKnownFileType = sourcecode.swift; path = SceneDelegate.swift; sourceTree = "<group>"; };
		70DA1C9928729E28001DDE78 /* ViewController.swift */ = {isa = PBXFileReference; lastKnownFileType = sourcecode.swift; path = ViewController.swift; sourceTree = "<group>"; };
		70DA1C9C28729E28001DDE78 /* Base */ = {isa = PBXFileReference; lastKnownFileType = file.storyboard; name = Base; path = Base.lproj/Main.storyboard; sourceTree = "<group>"; };
		70DA1C9E28729E2B001DDE78 /* Assets.xcassets */ = {isa = PBXFileReference; lastKnownFileType = folder.assetcatalog; path = Assets.xcassets; sourceTree = "<group>"; };
		70DA1CA128729E2B001DDE78 /* Base */ = {isa = PBXFileReference; lastKnownFileType = file.storyboard; name = Base; path = Base.lproj/LaunchScreen.storyboard; sourceTree = "<group>"; };
		70DA1CA328729E2B001DDE78 /* Info.plist */ = {isa = PBXFileReference; lastKnownFileType = text.plist.xml; path = Info.plist; sourceTree = "<group>"; };
		70DA1CA828729E2B001DDE78 /* MotorentTests.xctest */ = {isa = PBXFileReference; explicitFileType = wrapper.cfbundle; includeInIndex = 0; path = MotorentTests.xctest; sourceTree = BUILT_PRODUCTS_DIR; };
		70DA1CAC28729E2B001DDE78 /* MotorentTests.swift */ = {isa = PBXFileReference; lastKnownFileType = sourcecode.swift; path = MotorentTests.swift; sourceTree = "<group>"; };
		70DA1CB228729E2B001DDE78 /* MotorentUITests.xctest */ = {isa = PBXFileReference; explicitFileType = wrapper.cfbundle; includeInIndex = 0; path = MotorentUITests.xctest; sourceTree = BUILT_PRODUCTS_DIR; };
		70DA1CB628729E2B001DDE78 /* MotorentUITests.swift */ = {isa = PBXFileReference; lastKnownFileType = sourcecode.swift; path = MotorentUITests.swift; sourceTree = "<group>"; };
		70DA1CB828729E2B001DDE78 /* MotorentUITestsLaunchTests.swift */ = {isa = PBXFileReference; lastKnownFileType = sourcecode.swift; path = MotorentUITestsLaunchTests.swift; sourceTree = "<group>"; };
/* End PBXFileReference section */

/* Begin PBXFrameworksBuildPhase section */
		70DA1C8F28729E28001DDE78 /* Frameworks */ = {
			isa = PBXFrameworksBuildPhase;
			buildActionMask = 2147483647;
			files = (
			);
			runOnlyForDeploymentPostprocessing = 0;
		};
		70DA1CA528729E2B001DDE78 /* Frameworks */ = {
			isa = PBXFrameworksBuildPhase;
			buildActionMask = 2147483647;
			files = (
			);
			runOnlyForDeploymentPostprocessing = 0;
		};
		70DA1CAF28729E2B001DDE78 /* Frameworks */ = {
			isa = PBXFrameworksBuildPhase;
			buildActionMask = 2147483647;
			files = (
			);
			runOnlyForDeploymentPostprocessing = 0;
		};
/* End PBXFrameworksBuildPhase section */

/* Begin PBXGroup section */
		70DA1C8928729E28001DDE78 = {
			isa = PBXGroup;
			children = (
				70DA1C9428729E28001DDE78 /* Motorent */,
				70DA1CAB28729E2B001DDE78 /* MotorentTests */,
				70DA1CB528729E2B001DDE78 /* MotorentUITests */,
				70DA1C9328729E28001DDE78 /* Products */,
			);
			sourceTree = "<group>";
		};
		70DA1C9328729E28001DDE78 /* Products */ = {
			isa = PBXGroup;
			children = (
				70DA1C9228729E28001DDE78 /* Motorent.app */,
				70DA1CA828729E2B001DDE78 /* MotorentTests.xctest */,
				70DA1CB228729E2B001DDE78 /* MotorentUITests.xctest */,
			);
			name = Products;
			sourceTree = "<group>";
		};
		70DA1C9428729E28001DDE78 /* Motorent */ = {
			isa = PBXGroup;
			children = (
				70DA1C9528729E28001DDE78 /* AppDelegate.swift */,
				70DA1C9728729E28001DDE78 /* SceneDelegate.swift */,
				70DA1C9928729E28001DDE78 /* ViewController.swift */,
				70DA1C9B28729E28001DDE78 /* Main.storyboard */,
				70DA1C9E28729E2B001DDE78 /* Assets.xcassets */,
				70DA1CA028729E2B001DDE78 /* LaunchScreen.storyboard */,
				70DA1CA328729E2B001DDE78 /* Info.plist */,
			);
			path = Motorent;
			sourceTree = "<group>";
		};
		70DA1CAB28729E2B001DDE78 /* MotorentTests */ = {
			isa = PBXGroup;
			children = (
				70DA1CAC28729E2B001DDE78 /* MotorentTests.swift */,
			);
			path = MotorentTests;
			sourceTree = "<group>";
		};
		70DA1CB528729E2B001DDE78 /* MotorentUITests */ = {
			isa = PBXGroup;
			children = (
				70DA1CB628729E2B001DDE78 /* MotorentUITests.swift */,
				70DA1CB828729E2B001DDE78 /* MotorentUITestsLaunchTests.swift */,
			);
			path = MotorentUITests;
			sourceTree = "<group>";
		};
/* End PBXGroup section */

/* Begin PBXNativeTarget section */
		70DA1C9128729E28001DDE78 /* Motorent */ = {
			isa = PBXNativeTarget;
			buildConfigurationList = 70DA1CBC28729E2B001DDE78 /* Build configuration list for PBXNativeTarget "Motorent" */;
			buildPhases = (
				70DA1C8E28729E28001DDE78 /* Sources */,
				70DA1C8F28729E28001DDE78 /* Frameworks */,
				70DA1C9028729E28001DDE78 /* Resources */,
			);
			buildRules = (
			);
			dependencies = (
			);
			name = Motorent;
			productName = Motorent;
			productReference = 70DA1C9228729E28001DDE78 /* Motorent.app */;
			productType = "com.apple.product-type.application";
		};
		70DA1CA728729E2B001DDE78 /* MotorentTests */ = {
			isa = PBXNativeTarget;
			buildConfigurationList = 70DA1CBF28729E2B001DDE78 /* Build configuration list for PBXNativeTarget "MotorentTests" */;
			buildPhases = (
				70DA1CA428729E2B001DDE78 /* Sources */,
				70DA1CA528729E2B001DDE78 /* Frameworks */,
				70DA1CA628729E2B001DDE78 /* Resources */,
			);
			buildRules = (
			);
			dependencies = (
				70DA1CAA28729E2B001DDE78 /* PBXTargetDependency */,
			);
			name = MotorentTests;
			productName = MotorentTests;
			productReference = 70DA1CA828729E2B001DDE78 /* MotorentTests.xctest */;
			productType = "com.apple.product-type.bundle.unit-test";
		};
		70DA1CB128729E2B001DDE78 /* MotorentUITests */ = {
			isa = PBXNativeTarget;
			buildConfigurationList = 70DA1CC228729E2B001DDE78 /* Build configuration list for PBXNativeTarget "MotorentUITests" */;
			buildPhases = (
				70DA1CAE28729E2B001DDE78 /* Sources */,
				70DA1CAF28729E2B001DDE78 /* Frameworks */,
				70DA1CB028729E2B001DDE78 /* Resources */,
			);
			buildRules = (
			);
			dependencies = (
				70DA1CB428729E2B001DDE78 /* PBXTargetDependency */,
			);
			name = MotorentUITests;
			productName = MotorentUITests;
			productReference = 70DA1CB228729E2B001DDE78 /* MotorentUITests.xctest */;
			productType = "com.apple.product-type.bundle.ui-testing";
		};
/* End PBXNativeTarget section */

/* Begin PBXProject section */
		70DA1C8A28729E28001DDE78 /* Project object */ = {
			isa = PBXProject;
			attributes = {
				BuildIndependentTargetsInParallel = 1;
				LastSwiftUpdateCheck = 1340;
				LastUpgradeCheck = 1340;
				TargetAttributes = {
					70DA1C9128729E28001DDE78 = {
						CreatedOnToolsVersion = 13.4.1;
					};
					70DA1CA728729E2B001DDE78 = {
						CreatedOnToolsVersion = 13.4.1;
						TestTargetID = 70DA1C9128729E28001DDE78;
					};
					70DA1CB128729E2B001DDE78 = {
						CreatedOnToolsVersion = 13.4.1;
						TestTargetID = 70DA1C9128729E28001DDE78;
					};
				};
			};
			buildConfigurationList = 70DA1C8D28729E28001DDE78 /* Build configuration list for PBXProject "Motorent" */;
			compatibilityVersion = "Xcode 13.0";
			developmentRegion = en;
			hasScannedForEncodings = 0;
			knownRegions = (
				en,
				Base,
			);
			mainGroup = 70DA1C8928729E28001DDE78;
			productRefGroup = 70DA1C9328729E28001DDE78 /* Products */;
			projectDirPath = "";
			projectRoot = "";
			targets = (
				70DA1C9128729E28001DDE78 /* Motorent */,
				70DA1CA728729E2B001DDE78 /* MotorentTests */,
				70DA1CB128729E2B001DDE78 /* MotorentUITests */,
			);
		};
/* End PBXProject section */

/* Begin PBXResourcesBuildPhase section */
		70DA1C9028729E28001DDE78 /* Resources */ = {
			isa = PBXResourcesBuildPhase;
			buildActionMask = 2147483647;
			files = (
				70DA1CA228729E2B001DDE78 /* LaunchScreen.storyboard in Resources */,
				70DA1C9F28729E2B001DDE78 /* Assets.xcassets in Resources */,
				70DA1C9D28729E28001DDE78 /* Main.storyboard in Resources */,
			);
			runOnlyForDeploymentPostprocessing = 0;
		};
		70DA1CA628729E2B001DDE78 /* Resources */ = {
			isa = PBXResourcesBuildPhase;
			buildActionMask = 2147483647;
			files = (
			);
			runOnlyForDeploymentPostprocessing = 0;
		};
		70DA1CB028729E2B001DDE78 /* Resources */ = {
			isa = PBXResourcesBuildPhase;
			buildActionMask = 2147483647;
			files = (
			);
			runOnlyForDeploymentPostprocessing = 0;
		};
/* End PBXResourcesBuildPhase section */

/* Begin PBXSourcesBuildPhase section */
		70DA1C8E28729E28001DDE78 /* Sources */ = {
			isa = PBXSourcesBuildPhase;
			buildActionMask = 2147483647;
			files = (
				70DA1C9A28729E28001DDE78 /* ViewController.swift in Sources */,
				70DA1C9628729E28001DDE78 /* AppDelegate.swift in Sources */,
				70DA1C9828729E28001DDE78 /* SceneDelegate.swift in Sources */,
			);
			runOnlyForDeploymentPostprocessing = 0;
		};
		70DA1CA428729E2B001DDE78 /* Sources */ = {
			isa = PBXSourcesBuildPhase;
			buildActionMask = 2147483647;
			files = (
				70DA1CAD28729E2B001DDE78 /* MotorentTests.swift in Sources */,
			);
			runOnlyForDeploymentPostprocessing = 0;
		};
		70DA1CAE28729E2B001DDE78 /* Sources */ = {
			isa = PBXSourcesBuildPhase;
			buildActionMask = 2147483647;
			files = (
				70DA1CB928729E2B001DDE78 /* MotorentUITestsLaunchTests.swift in Sources */,
				70DA1CB728729E2B001DDE78 /* MotorentUITests.swift in Sources */,
			);
			runOnlyForDeploymentPostprocessing = 0;
		};
/* End PBXSourcesBuildPhase section */

/* Begin PBXTargetDependency section */
		70DA1CAA28729E2B001DDE78 /* PBXTargetDependency */ = {
			isa = PBXTargetDependency;
			target = 70DA1C9128729E28001DDE78 /* Motorent */;
			targetProxy = 70DA1CA928729E2B001DDE78 /* PBXContainerItemProxy */;
		};
		70DA1CB428729E2B001DDE78 /* PBXTargetDependency */ = {
			isa = PBXTargetDependency;
			target = 70DA1C9128729E28001DDE78 /* Motorent */;
			targetProxy = 70DA1CB328729E2B001DDE78 /* PBXContainerItemProxy */;
		};
/* End PBXTargetDependency section */

/* Begin PBXVariantGroup section */
		70DA1C9B28729E28001DDE78 /* Main.storyboard */ = {
			isa = PBXVariantGroup;
			children = (
				70DA1C9C28729E28001DDE78 /* Base */,
			);
			name = Main.storyboard;
			sourceTree = "<group>";
		};
		70DA1CA028729E2B001DDE78 /* LaunchScreen.storyboard */ = {
			isa = PBXVariantGroup;
			children = (
				70DA1CA128729E2B001DDE78 /* Base */,
			);
			name = LaunchScreen.storyboard;
			sourceTree = "<group>";
		};
/* End PBXVariantGroup section */

/* Begin XCBuildConfiguration section */
		70DA1CBA28729E2B001DDE78 /* Debug */ = {
			isa = XCBuildConfiguration;
			buildSettings = {
				ALWAYS_SEARCH_USER_PATHS = NO;
				CLANG_ANALYZER_NONNULL = YES;
				CLANG_ANALYZER_NUMBER_OBJECT_CONVERSION = YES_AGGRESSIVE;
				CLANG_CXX_LANGUAGE_STANDARD = "gnu++17";
				CLANG_ENABLE_MODULES = YES;
				CLANG_ENABLE_OBJC_ARC = YES;
				CLANG_ENABLE_OBJC_WEAK = YES;
				CLANG_WARN_BLOCK_CAPTURE_AUTORELEASING = YES;
				CLANG_WARN_BOOL_CONVERSION = YES;
				CLANG_WARN_COMMA = YES;
				CLANG_WARN_CONSTANT_CONVERSION = YES;
				CLANG_WARN_DEPRECATED_OBJC_IMPLEMENTATIONS = YES;
				CLANG_WARN_DIRECT_OBJC_ISA_USAGE = YES_ERROR;
				CLANG_WARN_DOCUMENTATION_COMMENTS = YES;
				CLANG_WARN_EMPTY_BODY = YES;
				CLANG_WARN_ENUM_CONVERSION = YES;
				CLANG_WARN_INFINITE_RECURSION = YES;
				CLANG_WARN_INT_CONVERSION = YES;
				CLANG_WARN_NON_LITERAL_NULL_CONVERSION = YES;
				CLANG_WARN_OBJC_IMPLICIT_RETAIN_SELF = YES;
				CLANG_WARN_OBJC_LITERAL_CONVERSION = YES;
				CLANG_WARN_OBJC_ROOT_CLASS = YES_ERROR;
				CLANG_WARN_QUOTED_INCLUDE_IN_FRAMEWORK_HEADER = YES;
				CLANG_WARN_RANGE_LOOP_ANALYSIS = YES;
				CLANG_WARN_STRICT_PROTOTYPES = YES;
				CLANG_WARN_SUSPICIOUS_MOVE = YES;
				CLANG_WARN_UNGUARDED_AVAILABILITY = YES_AGGRESSIVE;
				CLANG_WARN_UNREACHABLE_CODE = YES;
				CLANG_WARN__DUPLICATE_METHOD_MATCH = YES;
				COPY_PHASE_STRIP = NO;
				DEBUG_INFORMATION_FORMAT = dwarf;
				ENABLE_STRICT_OBJC_MSGSEND = YES;
				ENABLE_TESTABILITY = YES;
				GCC_C_LANGUAGE_STANDARD = gnu11;
				GCC_DYNAMIC_NO_PIC = NO;
				GCC_NO_COMMON_BLOCKS = YES;
				GCC_OPTIMIZATION_LEVEL = 0;
				GCC_PREPROCESSOR_DEFINITIONS = (
					"DEBUG=1",
					"$(inherited)",
				);
				GCC_WARN_64_TO_32_BIT_CONVERSION = YES;
				GCC_WARN_ABOUT_RETURN_TYPE = YES_ERROR;
				GCC_WARN_UNDECLARED_SELECTOR = YES;
				GCC_WARN_UNINITIALIZED_AUTOS = YES_AGGRESSIVE;
				GCC_WARN_UNUSED_FUNCTION = YES;
				GCC_WARN_UNUSED_VARIABLE = YES;
				IPHONEOS_DEPLOYMENT_TARGET = 15.5;
				MTL_ENABLE_DEBUG_INFO = INCLUDE_SOURCE;
				MTL_FAST_MATH = YES;
				ONLY_ACTIVE_ARCH = YES;
				SDKROOT = iphoneos;
				SWIFT_ACTIVE_COMPILATION_CONDITIONS = DEBUG;
				SWIFT_OPTIMIZATION_LEVEL = "-Onone";
			};
			name = Debug;
		};
		70DA1CBB28729E2B001DDE78 /* Release */ = {
			isa = XCBuildConfiguration;
			buildSettings = {
				ALWAYS_SEARCH_USER_PATHS = NO;
				CLANG_ANALYZER_NONNULL = YES;
				CLANG_ANALYZER_NUMBER_OBJECT_CONVERSION = YES_AGGRESSIVE;
				CLANG_CXX_LANGUAGE_STANDARD = "gnu++17";
				CLANG_ENABLE_MODULES = YES;
				CLANG_ENABLE_OBJC_ARC = YES;
				CLANG_ENABLE_OBJC_WEAK = YES;
				CLANG_WARN_BLOCK_CAPTURE_AUTORELEASING = YES;
				CLANG_WARN_BOOL_CONVERSION = YES;
				CLANG_WARN_COMMA = YES;
				CLANG_WARN_CONSTANT_CONVERSION = YES;
				CLANG_WARN_DEPRECATED_OBJC_IMPLEMENTATIONS = YES;
				CLANG_WARN_DIRECT_OBJC_ISA_USAGE = YES_ERROR;
				CLANG_WARN_DOCUMENTATION_COMMENTS = YES;
				CLANG_WARN_EMPTY_BODY = YES;
				CLANG_WARN_ENUM_CONVERSION = YES;
				CLANG_WARN_INFINITE_RECURSION = YES;
				CLANG_WARN_INT_CONVERSION = YES;
				CLANG_WARN_NON_LITERAL_NULL_CONVERSION = YES;
				CLANG_WARN_OBJC_IMPLICIT_RETAIN_SELF = YES;
				CLANG_WARN_OBJC_LITERAL_CONVERSION = YES;
				CLANG_WARN_OBJC_ROOT_CLASS = YES_ERROR;
				CLANG_WARN_QUOTED_INCLUDE_IN_FRAMEWORK_HEADER = YES;
				CLANG_WARN_RANGE_LOOP_ANALYSIS = YES;
				CLANG_WARN_STRICT_PROTOTYPES = YES;
				CLANG_WARN_SUSPICIOUS_MOVE = YES;
				CLANG_WARN_UNGUARDED_AVAILABILITY = YES_AGGRESSIVE;
				CLANG_WARN_UNREACHABLE_CODE = YES;
				CLANG_WARN__DUPLICATE_METHOD_MATCH = YES;
				COPY_PHASE_STRIP = NO;
				DEBUG_INFORMATION_FORMAT = "dwarf-with-dsym";
				ENABLE_NS_ASSERTIONS = NO;
				ENABLE_STRICT_OBJC_MSGSEND = YES;
				GCC_C_LANGUAGE_STANDARD = gnu11;
				GCC_NO_COMMON_BLOCKS = YES;
				GCC_WARN_64_TO_32_BIT_CONVERSION = YES;
				GCC_WARN_ABOUT_RETURN_TYPE = YES_ERROR;
				GCC_WARN_UNDECLARED_SELECTOR = YES;
				GCC_WARN_UNINITIALIZED_AUTOS = YES_AGGRESSIVE;
				GCC_WARN_UNUSED_FUNCTION = YES;
				GCC_WARN_UNUSED_VARIABLE = YES;
				IPHONEOS_DEPLOYMENT_TARGET = 15.5;
				MTL_ENABLE_DEBUG_INFO = NO;
				MTL_FAST_MATH = YES;
				SDKROOT = iphoneos;
				SWIFT_COMPILATION_MODE = wholemodule;
				SWIFT_OPTIMIZATION_LEVEL = "-O";
				VALIDATE_PRODUCT = YES;
			};
			name = Release;
		};
		70DA1CBD28729E2B001DDE78 /* Debug */ = {
			isa = XCBuildConfiguration;
			buildSettings = {
				ASSETCATALOG_COMPILER_APPICON_NAME = AppIcon;
				ASSETCATALOG_COMPILER_GLOBAL_ACCENT_COLOR_NAME = AccentColor;
				CODE_SIGN_STYLE = Automatic;
				CURRENT_PROJECT_VERSION = 1;
				DEVELOPMENT_TEAM = C625QPFG8X;
				GENERATE_INFOPLIST_FILE = YES;
				INFOPLIST_FILE = Motorent/Info.plist;
				INFOPLIST_KEY_UIApplicationSupportsIndirectInputEvents = YES;
				INFOPLIST_KEY_UILaunchStoryboardName = LaunchScreen;
				INFOPLIST_KEY_UIMainStoryboardFile = Main;
				INFOPLIST_KEY_UISupportedInterfaceOrientations_iPad = "UIInterfaceOrientationPortrait UIInterfaceOrientationPortraitUpsideDown UIInterfaceOrientationLandscapeLeft UIInterfaceOrientationLandscapeRight";
				INFOPLIST_KEY_UISupportedInterfaceOrientations_iPhone = "UIInterfaceOrientationPortrait UIInterfaceOrientationLandscapeLeft UIInterfaceOrientationLandscapeRight";
				LD_RUNPATH_SEARCH_PATHS = (
					"$(inherited)",
					"@executable_path/Frameworks",
				);
				MARKETING_VERSION = 1.0;
				PRODUCT_BUNDLE_IDENTIFIER = com.arrinal.Motorent;
				PRODUCT_NAME = "$(TARGET_NAME)";
				SWIFT_EMIT_LOC_STRINGS = YES;
				SWIFT_VERSION = 5.0;
				TARGETED_DEVICE_FAMILY = "1,2";
			};
			name = Debug;
		};
		70DA1CBE28729E2B001DDE78 /* Release */ = {
			isa = XCBuildConfiguration;
			buildSettings = {
				ASSETCATALOG_COMPILER_APPICON_NAME = AppIcon;
				ASSETCATALOG_COMPILER_GLOBAL_ACCENT_COLOR_NAME = AccentColor;
				CODE_SIGN_STYLE = Automatic;
				CURRENT_PROJECT_VERSION = 1;
				DEVELOPMENT_TEAM = C625QPFG8X;
				GENERATE_INFOPLIST_FILE = YES;
				INFOPLIST_FILE = Motorent/Info.plist;
				INFOPLIST_KEY_UIApplicationSupportsIndirectInputEvents = YES;
				INFOPLIST_KEY_UILaunchStoryboardName = LaunchScreen;
				INFOPLIST_KEY_UIMainStoryboardFile = Main;
				INFOPLIST_KEY_UISupportedInterfaceOrientations_iPad = "UIInterfaceOrientationPortrait UIInterfaceOrientationPortraitUpsideDown UIInterfaceOrientationLandscapeLeft UIInterfaceOrientationLandscapeRight";
				INFOPLIST_KEY_UISupportedInterfaceOrientations_iPhone = "UIInterfaceOrientationPortrait UIInterfaceOrientationLandscapeLeft UIInterfaceOrientationLandscapeRight";
				LD_RUNPATH_SEARCH_PATHS = (
					"$(inherited)",
					"@executable_path/Frameworks",
				);
				MARKETING_VERSION = 1.0;
				PRODUCT_BUNDLE_IDENTIFIER = com.arrinal.Motorent;
				PRODUCT_NAME = "$(TARGET_NAME)";
				SWIFT_EMIT_LOC_STRINGS = YES;
				SWIFT_VERSION = 5.0;
				TARGETED_DEVICE_FAMILY = "1,2";
			};
			name = Release;
		};
		70DA1CC028729E2B001DDE78 /* Debug */ = {
			isa = XCBuildConfiguration;
			buildSettings = {
				ALWAYS_EMBED_SWIFT_STANDARD_LIBRARIES = YES;
				BUNDLE_LOADER = "$(TEST_HOST)";
				CODE_SIGN_STYLE = Automatic;
				CURRENT_PROJECT_VERSION = 1;
				DEVELOPMENT_TEAM = C625QPFG8X;
				GENERATE_INFOPLIST_FILE = YES;
				IPHONEOS_DEPLOYMENT_TARGET = 15.5;
				MARKETING_VERSION = 1.0;
				PRODUCT_BUNDLE_IDENTIFIER = com.arrinal.MotorentTests;
				PRODUCT_NAME = "$(TARGET_NAME)";
				SWIFT_EMIT_LOC_STRINGS = NO;
				SWIFT_VERSION = 5.0;
				TARGETED_DEVICE_FAMILY = "1,2";
				TEST_HOST = "$(BUILT_PRODUCTS_DIR)/Motorent.app/Motorent";
			};
			name = Debug;
		};
		70DA1CC128729E2B001DDE78 /* Release */ = {
			isa = XCBuildConfiguration;
			buildSettings = {
				ALWAYS_EMBED_SWIFT_STANDARD_LIBRARIES = YES;
				BUNDLE_LOADER = "$(TEST_HOST)";
				CODE_SIGN_STYLE = Automatic;
				CURRENT_PROJECT_VERSION = 1;
				DEVELOPMENT_TEAM = C625QPFG8X;
				GENERATE_INFOPLIST_FILE = YES;
				IPHONEOS_DEPLOYMENT_TARGET = 15.5;
				MARKETING_VERSION = 1.0;
				PRODUCT_BUNDLE_IDENTIFIER = com.arrinal.MotorentTests;
				PRODUCT_NAME = "$(TARGET_NAME)";
				SWIFT_EMIT_LOC_STRINGS = NO;
				SWIFT_VERSION = 5.0;
				TARGETED_DEVICE_FAMILY = "1,2";
				TEST_HOST = "$(BUILT_PRODUCTS_DIR)/Motorent.app/Motorent";
			};
			name = Release;
		};
		70DA1CC328729E2B001DDE78 /* Debug */ = {
			isa = XCBuildConfiguration;
			buildSettings = {
				ALWAYS_EMBED_SWIFT_STANDARD_LIBRARIES = YES;
				CODE_SIGN_STYLE = Automatic;
				CURRENT_PROJECT_VERSION = 1;
				DEVELOPMENT_TEAM = C625QPFG8X;
				GENERATE_INFOPLIST_FILE = YES;
				MARKETING_VERSION = 1.0;
				PRODUCT_BUNDLE_IDENTIFIER = com.arrinal.MotorentUITests;
				PRODUCT_NAME = "$(TARGET_NAME)";
				SWIFT_EMIT_LOC_STRINGS = NO;
				SWIFT_VERSION = 5.0;
				TARGETED_DEVICE_FAMILY = "1,2";
				TEST_TARGET_NAME = Motorent;
			};
			name = Debug;
		};
		70DA1CC428729E2B001DDE78 /* Release */ = {
			isa = XCBuildConfiguration;
			buildSettings = {
				ALWAYS_EMBED_SWIFT_STANDARD_LIBRARIES = YES;
				CODE_SIGN_STYLE = Automatic;
				CURRENT_PROJECT_VERSION = 1;
				DEVELOPMENT_TEAM = C625QPFG8X;
				GENERATE_INFOPLIST_FILE = YES;
				MARKETING_VERSION = 1.0;
				PRODUCT_BUNDLE_IDENTIFIER = com.arrinal.MotorentUITests;
				PRODUCT_NAME = "$(TARGET_NAME)";
				SWIFT_EMIT_LOC_STRINGS = NO;
				SWIFT_VERSION = 5.0;
				TARGETED_DEVICE_FAMILY = "1,2";
				TEST_TARGET_NAME = Motorent;
			};
			name = Release;
		};
/* End XCBuildConfiguration section */

/* Begin XCConfigurationList section */
		70DA1C8D28729E28001DDE78 /* Build configuration list for PBXProject "Motorent" */ = {
			isa = XCConfigurationList;
			buildConfigurations = (
				70DA1CBA28729E2B001DDE78 /* Debug */,
				70DA1CBB28729E2B001DDE78 /* Release */,
			);
			defaultConfigurationIsVisible = 0;
			defaultConfigurationName = Release;
		};
		70DA1CBC28729E2B001DDE78 /* Build configuration list for PBXNativeTarget "Motorent" */ = {
			isa = XCConfigurationList;
			buildConfigurations = (
				70DA1CBD28729E2B001DDE78 /* Debug */,
				70DA1CBE28729E2B001DDE78 /* Release */,
			);
			defaultConfigurationIsVisible = 0;
			defaultConfigurationName = Release;
		};
		70DA1CBF28729E2B001DDE78 /* Build configuration list for PBXNativeTarget "MotorentTests" */ = {
			isa = XCConfigurationList;
			buildConfigurations = (
				70DA1CC028729E2B001DDE78 /* Debug */,
				70DA1CC128729E2B001DDE78 /* Release */,
			);
			defaultConfigurationIsVisible = 0;
			defaultConfigurationName = Release;
		};
		70DA1CC228729E2B001DDE78 /* Build configuration list for PBXNativeTarget "MotorentUITests" */ = {
			isa = XCConfigurationList;
			buildConfigurations = (
				70DA1CC328729E2B001DDE78 /* Debug */,
				70DA1CC428729E2B001DDE78 /* Release */,
			);
			defaultConfigurationIsVisible = 0;
			defaultConfigurationName = Release;
		};
/* End XCConfigurationList section */
	};
	rootObject = 70DA1C8A28729E28001DDE78 /* Project object */;
}
